
Microsoft Visual Studio Solution File, Format Version 12.00
# Visual Studio Version 17
VisualStudioVersion = 17.12.35707.178
MinimumVisualStudioVersion = 10.0.40219.1
Project("{D954291E-2A0B-460D-934E-DC6B0785DB48}") = "Shared", "Shared\Shared.shproj", "{DC11B0BD-A2CE-44DA-A1E7-FF8B7989DF49}"
EndProject
Project("{FAE04EC0-301F-11D3-BF4B-00C04F79EFBC}") = "KK_IKAmplifier.VR", "KK_IK.Amplifier.VR\KK_IKAmplifier.VR.csproj", "{3CD5C880-08D7-4FB6-999B-5DF22E197BE5}"
EndProject
Project("{FAE04EC0-301F-11D3-BF4B-00C04F79EFBC}") = "KK_IKAmplifier", "KK_IKAmplifier\KK_IKAmplifier.csproj", "{12D50758-909F-4680-B787-4A2D15F4C373}"
EndProject
Project("{FAE04EC0-301F-11D3-BF4B-00C04F79EFBC}") = "KKS_IKAmplifier", "KKS_IKAmplifier\KKS_IKAmplifier.csproj", "{08279C0E-8032-4DAC-B004-770F8705A714}"
EndProject
Project("{FAE04EC0-301F-11D3-BF4B-00C04F79EFBC}") = "KKS_IKAmplifier.VR", "KKS_IKAmplifier.VR\KKS_IKAmplifier.VR.csproj", "{8CDB9A83-DD57-4A1F-B1A3-07161A8642A7}"
EndProject
Global
	GlobalSection(SolutionConfigurationPlatforms) = preSolution
		Debug|Any CPU = Debug|Any CPU
		Release|Any CPU = Release|Any CPU
	EndGlobalSection
	GlobalSection(ProjectConfigurationPlatforms) = postSolution
		{3CD5C880-08D7-4FB6-999B-5DF22E197BE5}.Debug|Any CPU.ActiveCfg = Debug|Any CPU
		{3CD5C880-08D7-4FB6-999B-5DF22E197BE5}.Debug|Any CPU.Build.0 = Debug|Any CPU
		{3CD5C880-08D7-4FB6-999B-5DF22E197BE5}.Release|Any CPU.ActiveCfg = Release|Any CPU
		{3CD5C880-08D7-4FB6-999B-5DF22E197BE5}.Release|Any CPU.Build.0 = Release|Any CPU
		{12D50758-909F-4680-B787-4A2D15F4C373}.Debug|Any CPU.ActiveCfg = Debug|Any CPU
		{12D50758-909F-4680-B787-4A2D15F4C373}.Debug|Any CPU.Build.0 = Debug|Any CPU
		{12D50758-909F-4680-B787-4A2D15F4C373}.Release|Any CPU.ActiveCfg = Release|Any CPU
		{12D50758-909F-4680-B787-4A2D15F4C373}.Release|Any CPU.Build.0 = Release|Any CPU
		{08279C0E-8032-4DAC-B004-770F8705A714}.Debug|Any CPU.ActiveCfg = Debug|Any CPU
		{08279C0E-8032-4DAC-B004-770F8705A714}.Debug|Any CPU.Build.0 = Debug|Any CPU
		{08279C0E-8032-4DAC-B004-770F8705A714}.Release|Any CPU.ActiveCfg = Release|Any CPU
		{08279C0E-8032-4DAC-B004-770F8705A714}.Release|Any CPU.Build.0 = Release|Any CPU
		{8CDB9A83-DD57-4A1F-B1A3-07161A8642A7}.Debug|Any CPU.ActiveCfg = Debug|Any CPU
		{8CDB9A83-DD57-4A1F-B1A3-07161A8642A7}.Debug|Any CPU.Build.0 = Debug|Any CPU
		{8CDB9A83-DD57-4A1F-B1A3-07161A8642A7}.Release|Any CPU.ActiveCfg = Release|Any CPU
		{8CDB9A83-DD57-4A1F-B1A3-07161A8642A7}.Release|Any CPU.Build.0 = Release|Any CPU
	EndGlobalSection
	GlobalSection(SolutionProperties) = preSolution
		HideSolutionNode = FALSE
	EndGlobalSection
	GlobalSection(SharedMSBuildProjectFiles) = preSolution
		Shared\Shared.projitems*{08279c0e-8032-4dac-b004-770f8705a714}*SharedItemsImports = 4
		Shared\Shared.projitems*{12d50758-909f-4680-b787-4a2d15f4c373}*SharedItemsImports = 4
		Shared\Shared.projitems*{3cd5c880-08d7-4fb6-999b-5df22e197be5}*SharedItemsImports = 4
		Shared\Shared.projitems*{8cdb9a83-dd57-4a1f-b1a3-07161a8642a7}*SharedItemsImports = 4
		Shared\Shared.projitems*{dc11b0bd-a2ce-44da-a1e7-ff8b7989df49}*SharedItemsImports = 13
	EndGlobalSection
EndGlobal
